
Microsoft Visual Studio Solution File, Format Version 12.00
# Visual Studio 15
VisualStudioVersion = 15.0.28010.2016
MinimumVisualStudioVersion = 10.0.40219.1
Project("{8BC9CEB8-8B4A-11D0-8D11-00A0C91BC942}") = "Boulderdash", "Boulderdash.vcxproj", "{D276B270-6803-467D-9EAA-CA8769CB35AD}"
EndProject
Global
	GlobalSection(SolutionConfigurationPlatforms) = preSolution
		Debug|x64 = Debug|x64
		Debug|x86 = Debug|x86
		Release|x64 = Release|x64
		Release|x86 = Release|x86
	EndGlobalSection
	GlobalSection(ProjectConfigurationPlatforms) = postSolution
		{D276B270-6803-467D-9EAA-CA8769CB35AD}.Debug|x64.ActiveCfg = Debug|x64
		{D276B270-6803-467D-9EAA-CA8769CB35AD}.Debug|x64.Build.0 = Debug|x64
		{D276B270-6803-467D-9EAA-CA8769CB35AD}.Debug|x86.ActiveCfg = Debug|Win32
		{D276B270-6803-467D-9EAA-CA8769CB35AD}.Debug|x86.Build.0 = Debug|Win32
		{D276B270-6803-467D-9EAA-CA8769CB35AD}.Release|x64.ActiveCfg = Release|x64
		{D276B270-6803-467D-9EAA-CA8769CB35AD}.Release|x64.Build.0 = Release|x64
		{D276B270-6803-467D-9EAA-CA8769CB35AD}.Release|x86.ActiveCfg = Release|Win32
		{D276B270-6803-467D-9EAA-CA8769CB35AD}.Release|x86.Build.0 = Release|Win32
	EndGlobalSection
	GlobalSection(SolutionProperties) = preSolution
		HideSolutionNode = FALSE
	EndGlobalSection
	GlobalSection(ExtensibilityGlobals) = postSolution
		SolutionGuid = {E1D982CD-29AD-44A1-9ED8-B87093167449}
	EndGlobalSection
EndGlobal
